
Microsoft Visual Studio Solution File, Format Version 12.00
# Visual Studio Version 17
VisualStudioVersion = 17.0.31912.275
MinimumVisualStudioVersion = 10.0.40219.1
Project("{FAE04EC0-301F-11D3-BF4B-00C04F79EFBC}") = "z1", "Task\z1.csproj", "{25D09153-3E08-4B35-89BF-9CBC21C30662}"
EndProject
Project("{FAE04EC0-301F-11D3-BF4B-00C04F79EFBC}") = "z2", "z2\z2.csproj", "{DF804618-EDC4-4284-B02A-7477CF79AD9D}"
EndProject
Project("{FAE04EC0-301F-11D3-BF4B-00C04F79EFBC}") = "z3", "z3\z3.csproj", "{3506F5A0-78AB-42DE-995E-7D6CDFDF0A34}"
EndProject
Project("{FAE04EC0-301F-11D3-BF4B-00C04F79EFBC}") = "z2(practice part)", "z2(practice part)\z2(practice part).csproj", "{E758F69D-FDC6-42D6-826D-65A764B5FAD9}"
EndProject
Project("{FAE04EC0-301F-11D3-BF4B-00C04F79EFBC}") = "z3 (practice part)", "z3 (practice part)\z3 (practice part).csproj", "{75BA7892-2240-411D-853E-1F54D38B35B9}"
EndProject
Global
	GlobalSection(SolutionConfigurationPlatforms) = preSolution
		Debug|Any CPU = Debug|Any CPU
		Release|Any CPU = Release|Any CPU
	EndGlobalSection
	GlobalSection(ProjectConfigurationPlatforms) = postSolution
		{25D09153-3E08-4B35-89BF-9CBC21C30662}.Debug|Any CPU.ActiveCfg = Debug|Any CPU
		{25D09153-3E08-4B35-89BF-9CBC21C30662}.Debug|Any CPU.Build.0 = Debug|Any CPU
		{25D09153-3E08-4B35-89BF-9CBC21C30662}.Release|Any CPU.ActiveCfg = Release|Any CPU
		{25D09153-3E08-4B35-89BF-9CBC21C30662}.Release|Any CPU.Build.0 = Release|Any CPU
		{DF804618-EDC4-4284-B02A-7477CF79AD9D}.Debug|Any CPU.ActiveCfg = Debug|Any CPU
		{DF804618-EDC4-4284-B02A-7477CF79AD9D}.Debug|Any CPU.Build.0 = Debug|Any CPU
		{DF804618-EDC4-4284-B02A-7477CF79AD9D}.Release|Any CPU.ActiveCfg = Release|Any CPU
		{DF804618-EDC4-4284-B02A-7477CF79AD9D}.Release|Any CPU.Build.0 = Release|Any CPU
		{3506F5A0-78AB-42DE-995E-7D6CDFDF0A34}.Debug|Any CPU.ActiveCfg = Debug|Any CPU
		{3506F5A0-78AB-42DE-995E-7D6CDFDF0A34}.Debug|Any CPU.Build.0 = Debug|Any CPU
		{3506F5A0-78AB-42DE-995E-7D6CDFDF0A34}.Release|Any CPU.ActiveCfg = Release|Any CPU
		{3506F5A0-78AB-42DE-995E-7D6CDFDF0A34}.Release|Any CPU.Build.0 = Release|Any CPU
		{E758F69D-FDC6-42D6-826D-65A764B5FAD9}.Debug|Any CPU.ActiveCfg = Debug|Any CPU
		{E758F69D-FDC6-42D6-826D-65A764B5FAD9}.Debug|Any CPU.Build.0 = Debug|Any CPU
		{E758F69D-FDC6-42D6-826D-65A764B5FAD9}.Release|Any CPU.ActiveCfg = Release|Any CPU
		{E758F69D-FDC6-42D6-826D-65A764B5FAD9}.Release|Any CPU.Build.0 = Release|Any CPU
		{75BA7892-2240-411D-853E-1F54D38B35B9}.Debug|Any CPU.ActiveCfg = Debug|Any CPU
		{75BA7892-2240-411D-853E-1F54D38B35B9}.Debug|Any CPU.Build.0 = Debug|Any CPU
		{75BA7892-2240-411D-853E-1F54D38B35B9}.Release|Any CPU.ActiveCfg = Release|Any CPU
		{75BA7892-2240-411D-853E-1F54D38B35B9}.Release|Any CPU.Build.0 = Release|Any CPU
	EndGlobalSection
	GlobalSection(SolutionProperties) = preSolution
		HideSolutionNode = FALSE
	EndGlobalSection
	GlobalSection(ExtensibilityGlobals) = postSolution
		SolutionGuid = {60527AAB-55F0-49A9-9665-D8B12B0D9BC2}
	EndGlobalSection
EndGlobal
