
Microsoft Visual Studio Solution File, Format Version 12.00
# Visual Studio Version 17
VisualStudioVersion = 17.1.32421.90
MinimumVisualStudioVersion = 10.0.40219.1
Project("{FAE04EC0-301F-11D3-BF4B-00C04F79EFBC}") = "z1", "z1\z1.csproj", "{C4E01B57-F329-46A6-9839-29A317946BAB}"
EndProject
Project("{FAE04EC0-301F-11D3-BF4B-00C04F79EFBC}") = "z2", "z2\z2.csproj", "{78F06B3C-D376-4BEA-A4A0-2D5C5322F690}"
EndProject
Project("{FAE04EC0-301F-11D3-BF4B-00C04F79EFBC}") = "z3", "z3\z3.csproj", "{D9D26042-60EB-4290-B189-7FF12F2E4228}"
EndProject
Global
	GlobalSection(SolutionConfigurationPlatforms) = preSolution
		Debug|Any CPU = Debug|Any CPU
		Release|Any CPU = Release|Any CPU
	EndGlobalSection
	GlobalSection(ProjectConfigurationPlatforms) = postSolution
		{C4E01B57-F329-46A6-9839-29A317946BAB}.Debug|Any CPU.ActiveCfg = Debug|Any CPU
		{C4E01B57-F329-46A6-9839-29A317946BAB}.Debug|Any CPU.Build.0 = Debug|Any CPU
		{C4E01B57-F329-46A6-9839-29A317946BAB}.Release|Any CPU.ActiveCfg = Release|Any CPU
		{C4E01B57-F329-46A6-9839-29A317946BAB}.Release|Any CPU.Build.0 = Release|Any CPU
		{78F06B3C-D376-4BEA-A4A0-2D5C5322F690}.Debug|Any CPU.ActiveCfg = Debug|Any CPU
		{78F06B3C-D376-4BEA-A4A0-2D5C5322F690}.Debug|Any CPU.Build.0 = Debug|Any CPU
		{78F06B3C-D376-4BEA-A4A0-2D5C5322F690}.Release|Any CPU.ActiveCfg = Release|Any CPU
		{78F06B3C-D376-4BEA-A4A0-2D5C5322F690}.Release|Any CPU.Build.0 = Release|Any CPU
		{D9D26042-60EB-4290-B189-7FF12F2E4228}.Debug|Any CPU.ActiveCfg = Debug|Any CPU
		{D9D26042-60EB-4290-B189-7FF12F2E4228}.Debug|Any CPU.Build.0 = Debug|Any CPU
		{D9D26042-60EB-4290-B189-7FF12F2E4228}.Release|Any CPU.ActiveCfg = Release|Any CPU
		{D9D26042-60EB-4290-B189-7FF12F2E4228}.Release|Any CPU.Build.0 = Release|Any CPU
	EndGlobalSection
	GlobalSection(SolutionProperties) = preSolution
		HideSolutionNode = FALSE
	EndGlobalSection
	GlobalSection(ExtensibilityGlobals) = postSolution
		SolutionGuid = {699B031E-88A0-41FA-AB80-B4C9481B6942}
	EndGlobalSection
EndGlobal
