
Microsoft Visual Studio Solution File, Format Version 12.00
# Visual Studio Version 16
VisualStudioVersion = 16.0.31410.357
MinimumVisualStudioVersion = 10.0.40219.1
Project("{9A19103F-16F7-4668-BE54-9A1E7A4F7556}") = "z1", "z1\z1.csproj", "{4228F811-4AAA-4CD0-8017-345ACE5AAD96}"
EndProject
Project("{9A19103F-16F7-4668-BE54-9A1E7A4F7556}") = "z2", "z2\z2.csproj", "{625A137E-31EF-4895-984E-90CD5B04F6F6}"
EndProject
Project("{9A19103F-16F7-4668-BE54-9A1E7A4F7556}") = "z3", "z3\z3.csproj", "{4ADB2AB7-8435-4DF4-B94D-443191F11043}"
EndProject
Project("{9A19103F-16F7-4668-BE54-9A1E7A4F7556}") = "z4", "z4\z4.csproj", "{F6D748D5-695B-49CC-B79B-BACA45342A77}"
EndProject
Project("{FAE04EC0-301F-11D3-BF4B-00C04F79EFBC}") = "z5", "z5\z5.csproj", "{03FCBB18-DFD3-47D4-8D67-CBE945C57158}"
EndProject
Project("{FAE04EC0-301F-11D3-BF4B-00C04F79EFBC}") = "z6", "z6\z6.csproj", "{6B285D69-010A-4E0D-AB9F-4A4BBA341756}"
EndProject
Project("{FAE04EC0-301F-11D3-BF4B-00C04F79EFBC}") = "z3.3-4", "z3.3-4\z3.3-4.csproj", "{CA49D11F-C087-4C9E-A687-6B83145D7036}"
EndProject
Project("{FAE04EC0-301F-11D3-BF4B-00C04F79EFBC}") = "z7", "z7\z7.csproj", "{920F17C9-F25E-4778-AFE1-A6A3B8488620}"
EndProject
Project("{FAE04EC0-301F-11D3-BF4B-00C04F79EFBC}") = "z8", "z8\z8.csproj", "{05158C55-FFC0-450B-85EF-DE67A46AA22D}"
EndProject
Project("{FAE04EC0-301F-11D3-BF4B-00C04F79EFBC}") = "z9", "z9\z9.csproj", "{B049184E-3223-4292-8559-490937357725}"
EndProject
Global
	GlobalSection(SolutionConfigurationPlatforms) = preSolution
		Debug|Any CPU = Debug|Any CPU
		Release|Any CPU = Release|Any CPU
	EndGlobalSection
	GlobalSection(ProjectConfigurationPlatforms) = postSolution
		{4228F811-4AAA-4CD0-8017-345ACE5AAD96}.Debug|Any CPU.ActiveCfg = Debug|Any CPU
		{4228F811-4AAA-4CD0-8017-345ACE5AAD96}.Debug|Any CPU.Build.0 = Debug|Any CPU
		{4228F811-4AAA-4CD0-8017-345ACE5AAD96}.Release|Any CPU.ActiveCfg = Release|Any CPU
		{4228F811-4AAA-4CD0-8017-345ACE5AAD96}.Release|Any CPU.Build.0 = Release|Any CPU
		{625A137E-31EF-4895-984E-90CD5B04F6F6}.Debug|Any CPU.ActiveCfg = Debug|Any CPU
		{625A137E-31EF-4895-984E-90CD5B04F6F6}.Debug|Any CPU.Build.0 = Debug|Any CPU
		{625A137E-31EF-4895-984E-90CD5B04F6F6}.Release|Any CPU.ActiveCfg = Release|Any CPU
		{625A137E-31EF-4895-984E-90CD5B04F6F6}.Release|Any CPU.Build.0 = Release|Any CPU
		{4ADB2AB7-8435-4DF4-B94D-443191F11043}.Debug|Any CPU.ActiveCfg = Debug|Any CPU
		{4ADB2AB7-8435-4DF4-B94D-443191F11043}.Debug|Any CPU.Build.0 = Debug|Any CPU
		{4ADB2AB7-8435-4DF4-B94D-443191F11043}.Release|Any CPU.ActiveCfg = Release|Any CPU
		{4ADB2AB7-8435-4DF4-B94D-443191F11043}.Release|Any CPU.Build.0 = Release|Any CPU
		{F6D748D5-695B-49CC-B79B-BACA45342A77}.Debug|Any CPU.ActiveCfg = Debug|Any CPU
		{F6D748D5-695B-49CC-B79B-BACA45342A77}.Debug|Any CPU.Build.0 = Debug|Any CPU
		{F6D748D5-695B-49CC-B79B-BACA45342A77}.Release|Any CPU.ActiveCfg = Release|Any CPU
		{F6D748D5-695B-49CC-B79B-BACA45342A77}.Release|Any CPU.Build.0 = Release|Any CPU
		{03FCBB18-DFD3-47D4-8D67-CBE945C57158}.Debug|Any CPU.ActiveCfg = Debug|Any CPU
		{03FCBB18-DFD3-47D4-8D67-CBE945C57158}.Debug|Any CPU.Build.0 = Debug|Any CPU
		{03FCBB18-DFD3-47D4-8D67-CBE945C57158}.Release|Any CPU.ActiveCfg = Release|Any CPU
		{03FCBB18-DFD3-47D4-8D67-CBE945C57158}.Release|Any CPU.Build.0 = Release|Any CPU
		{6B285D69-010A-4E0D-AB9F-4A4BBA341756}.Debug|Any CPU.ActiveCfg = Debug|Any CPU
		{6B285D69-010A-4E0D-AB9F-4A4BBA341756}.Debug|Any CPU.Build.0 = Debug|Any CPU
		{6B285D69-010A-4E0D-AB9F-4A4BBA341756}.Release|Any CPU.ActiveCfg = Release|Any CPU
		{6B285D69-010A-4E0D-AB9F-4A4BBA341756}.Release|Any CPU.Build.0 = Release|Any CPU
		{CA49D11F-C087-4C9E-A687-6B83145D7036}.Debug|Any CPU.ActiveCfg = Debug|Any CPU
		{CA49D11F-C087-4C9E-A687-6B83145D7036}.Debug|Any CPU.Build.0 = Debug|Any CPU
		{CA49D11F-C087-4C9E-A687-6B83145D7036}.Release|Any CPU.ActiveCfg = Release|Any CPU
		{CA49D11F-C087-4C9E-A687-6B83145D7036}.Release|Any CPU.Build.0 = Release|Any CPU
		{920F17C9-F25E-4778-AFE1-A6A3B8488620}.Debug|Any CPU.ActiveCfg = Debug|Any CPU
		{920F17C9-F25E-4778-AFE1-A6A3B8488620}.Debug|Any CPU.Build.0 = Debug|Any CPU
		{920F17C9-F25E-4778-AFE1-A6A3B8488620}.Release|Any CPU.ActiveCfg = Release|Any CPU
		{920F17C9-F25E-4778-AFE1-A6A3B8488620}.Release|Any CPU.Build.0 = Release|Any CPU
		{05158C55-FFC0-450B-85EF-DE67A46AA22D}.Debug|Any CPU.ActiveCfg = Debug|Any CPU
		{05158C55-FFC0-450B-85EF-DE67A46AA22D}.Debug|Any CPU.Build.0 = Debug|Any CPU
		{05158C55-FFC0-450B-85EF-DE67A46AA22D}.Release|Any CPU.ActiveCfg = Release|Any CPU
		{05158C55-FFC0-450B-85EF-DE67A46AA22D}.Release|Any CPU.Build.0 = Release|Any CPU
		{B049184E-3223-4292-8559-490937357725}.Debug|Any CPU.ActiveCfg = Debug|Any CPU
		{B049184E-3223-4292-8559-490937357725}.Debug|Any CPU.Build.0 = Debug|Any CPU
		{B049184E-3223-4292-8559-490937357725}.Release|Any CPU.ActiveCfg = Release|Any CPU
		{B049184E-3223-4292-8559-490937357725}.Release|Any CPU.Build.0 = Release|Any CPU
	EndGlobalSection
	GlobalSection(SolutionProperties) = preSolution
		HideSolutionNode = FALSE
	EndGlobalSection
	GlobalSection(ExtensibilityGlobals) = postSolution
		SolutionGuid = {B308D7E9-4DA0-41A7-8FA6-B6473451AD30}
	EndGlobalSection
EndGlobal
