
Microsoft Visual Studio Solution File, Format Version 12.00
# Visual Studio Version 16
VisualStudioVersion = 16.0.31410.357
MinimumVisualStudioVersion = 10.0.40219.1
Project("{FAE04EC0-301F-11D3-BF4B-00C04F79EFBC}") = "z1-2", "z1\z1-2.csproj", "{FCDDA2C2-D098-42F4-942C-F43D4C9F2794}"
EndProject
Project("{FAE04EC0-301F-11D3-BF4B-00C04F79EFBC}") = "z3", "z3\z3.csproj", "{CD6B7F07-6EDF-433E-A276-4A8BF4B6E8B3}"
EndProject
Project("{FAE04EC0-301F-11D3-BF4B-00C04F79EFBC}") = "z4", "z4\z4.csproj", "{C0331773-591E-4EF1-8CE0-DBEB80239096}"
EndProject
Global
	GlobalSection(SolutionConfigurationPlatforms) = preSolution
		Debug|Any CPU = Debug|Any CPU
		Release|Any CPU = Release|Any CPU
	EndGlobalSection
	GlobalSection(ProjectConfigurationPlatforms) = postSolution
		{FCDDA2C2-D098-42F4-942C-F43D4C9F2794}.Debug|Any CPU.ActiveCfg = Debug|Any CPU
		{FCDDA2C2-D098-42F4-942C-F43D4C9F2794}.Debug|Any CPU.Build.0 = Debug|Any CPU
		{FCDDA2C2-D098-42F4-942C-F43D4C9F2794}.Release|Any CPU.ActiveCfg = Release|Any CPU
		{FCDDA2C2-D098-42F4-942C-F43D4C9F2794}.Release|Any CPU.Build.0 = Release|Any CPU
		{CD6B7F07-6EDF-433E-A276-4A8BF4B6E8B3}.Debug|Any CPU.ActiveCfg = Debug|Any CPU
		{CD6B7F07-6EDF-433E-A276-4A8BF4B6E8B3}.Debug|Any CPU.Build.0 = Debug|Any CPU
		{CD6B7F07-6EDF-433E-A276-4A8BF4B6E8B3}.Release|Any CPU.ActiveCfg = Release|Any CPU
		{CD6B7F07-6EDF-433E-A276-4A8BF4B6E8B3}.Release|Any CPU.Build.0 = Release|Any CPU
		{C0331773-591E-4EF1-8CE0-DBEB80239096}.Debug|Any CPU.ActiveCfg = Debug|Any CPU
		{C0331773-591E-4EF1-8CE0-DBEB80239096}.Debug|Any CPU.Build.0 = Debug|Any CPU
		{C0331773-591E-4EF1-8CE0-DBEB80239096}.Release|Any CPU.ActiveCfg = Release|Any CPU
		{C0331773-591E-4EF1-8CE0-DBEB80239096}.Release|Any CPU.Build.0 = Release|Any CPU
	EndGlobalSection
	GlobalSection(SolutionProperties) = preSolution
		HideSolutionNode = FALSE
	EndGlobalSection
	GlobalSection(ExtensibilityGlobals) = postSolution
		SolutionGuid = {C70D7633-0D17-4051-ACD5-556750665574}
	EndGlobalSection
EndGlobal
