
Microsoft Visual Studio Solution File, Format Version 12.00
# Visual Studio Version 16
VisualStudioVersion = 16.0.31410.357
MinimumVisualStudioVersion = 10.0.40219.1
Project("{FAE04EC0-301F-11D3-BF4B-00C04F79EFBC}") = "z1", "z1\z1.csproj", "{F3FA3E82-B4B3-4250-A9AA-BDF38049F5B3}"
EndProject
Project("{FAE04EC0-301F-11D3-BF4B-00C04F79EFBC}") = "z2", "z2\z2.csproj", "{D5C6452C-ED3A-44E1-AB13-A124B74F3D63}"
EndProject
Project("{FAE04EC0-301F-11D3-BF4B-00C04F79EFBC}") = "z3", "z3\z3.csproj", "{6F801B30-01C2-42A8-8521-B3E67D207C7E}"
EndProject
Project("{FAE04EC0-301F-11D3-BF4B-00C04F79EFBC}") = "z4", "z4\z4.csproj", "{CF931620-826F-49FC-9C13-234DF52BEC3D}"
EndProject
Project("{FAE04EC0-301F-11D3-BF4B-00C04F79EFBC}") = "z5", "z5\z5.csproj", "{F8307AEB-2414-466D-B2DB-075305936528}"
EndProject
Project("{FAE04EC0-301F-11D3-BF4B-00C04F79EFBC}") = "z6", "z6\z6.csproj", "{3446A7F8-D96C-4B45-BDCD-0AD49349DBBB}"
EndProject
Global
	GlobalSection(SolutionConfigurationPlatforms) = preSolution
		Debug|Any CPU = Debug|Any CPU
		Release|Any CPU = Release|Any CPU
	EndGlobalSection
	GlobalSection(ProjectConfigurationPlatforms) = postSolution
		{F3FA3E82-B4B3-4250-A9AA-BDF38049F5B3}.Debug|Any CPU.ActiveCfg = Debug|Any CPU
		{F3FA3E82-B4B3-4250-A9AA-BDF38049F5B3}.Debug|Any CPU.Build.0 = Debug|Any CPU
		{F3FA3E82-B4B3-4250-A9AA-BDF38049F5B3}.Release|Any CPU.ActiveCfg = Release|Any CPU
		{F3FA3E82-B4B3-4250-A9AA-BDF38049F5B3}.Release|Any CPU.Build.0 = Release|Any CPU
		{D5C6452C-ED3A-44E1-AB13-A124B74F3D63}.Debug|Any CPU.ActiveCfg = Debug|Any CPU
		{D5C6452C-ED3A-44E1-AB13-A124B74F3D63}.Debug|Any CPU.Build.0 = Debug|Any CPU
		{D5C6452C-ED3A-44E1-AB13-A124B74F3D63}.Release|Any CPU.ActiveCfg = Release|Any CPU
		{D5C6452C-ED3A-44E1-AB13-A124B74F3D63}.Release|Any CPU.Build.0 = Release|Any CPU
		{6F801B30-01C2-42A8-8521-B3E67D207C7E}.Debug|Any CPU.ActiveCfg = Debug|Any CPU
		{6F801B30-01C2-42A8-8521-B3E67D207C7E}.Debug|Any CPU.Build.0 = Debug|Any CPU
		{6F801B30-01C2-42A8-8521-B3E67D207C7E}.Release|Any CPU.ActiveCfg = Release|Any CPU
		{6F801B30-01C2-42A8-8521-B3E67D207C7E}.Release|Any CPU.Build.0 = Release|Any CPU
		{CF931620-826F-49FC-9C13-234DF52BEC3D}.Debug|Any CPU.ActiveCfg = Debug|Any CPU
		{CF931620-826F-49FC-9C13-234DF52BEC3D}.Debug|Any CPU.Build.0 = Debug|Any CPU
		{CF931620-826F-49FC-9C13-234DF52BEC3D}.Release|Any CPU.ActiveCfg = Release|Any CPU
		{CF931620-826F-49FC-9C13-234DF52BEC3D}.Release|Any CPU.Build.0 = Release|Any CPU
		{F8307AEB-2414-466D-B2DB-075305936528}.Debug|Any CPU.ActiveCfg = Debug|Any CPU
		{F8307AEB-2414-466D-B2DB-075305936528}.Debug|Any CPU.Build.0 = Debug|Any CPU
		{F8307AEB-2414-466D-B2DB-075305936528}.Release|Any CPU.ActiveCfg = Release|Any CPU
		{F8307AEB-2414-466D-B2DB-075305936528}.Release|Any CPU.Build.0 = Release|Any CPU
		{3446A7F8-D96C-4B45-BDCD-0AD49349DBBB}.Debug|Any CPU.ActiveCfg = Debug|Any CPU
		{3446A7F8-D96C-4B45-BDCD-0AD49349DBBB}.Debug|Any CPU.Build.0 = Debug|Any CPU
		{3446A7F8-D96C-4B45-BDCD-0AD49349DBBB}.Release|Any CPU.ActiveCfg = Release|Any CPU
		{3446A7F8-D96C-4B45-BDCD-0AD49349DBBB}.Release|Any CPU.Build.0 = Release|Any CPU
	EndGlobalSection
	GlobalSection(SolutionProperties) = preSolution
		HideSolutionNode = FALSE
	EndGlobalSection
	GlobalSection(ExtensibilityGlobals) = postSolution
		SolutionGuid = {D7209408-2402-40FC-A81C-EBB92996233F}
	EndGlobalSection
EndGlobal
