
Microsoft Visual Studio Solution File, Format Version 12.00
# Visual Studio Version 17
VisualStudioVersion = 17.1.32421.90
MinimumVisualStudioVersion = 10.0.40219.1
Project("{9A19103F-16F7-4668-BE54-9A1E7A4F7556}") = "z1", "z1\z1.csproj", "{B7FB74A3-01AD-4745-B2CC-C546E9E458B5}"
EndProject
Project("{9A19103F-16F7-4668-BE54-9A1E7A4F7556}") = "z2", "z2\z2.csproj", "{6C467D40-D209-4382-A320-2FF83DEC2A98}"
EndProject
Project("{9A19103F-16F7-4668-BE54-9A1E7A4F7556}") = "z3", "z3\z3.csproj", "{C17B89D6-3DCA-4FEF-8238-B97186861FEA}"
EndProject
Project("{FAE04EC0-301F-11D3-BF4B-00C04F79EFBC}") = "z4", "z4\z4.csproj", "{3A87BFFB-43EF-4D4E-BFB3-59D1DB5150FB}"
EndProject
Project("{FAE04EC0-301F-11D3-BF4B-00C04F79EFBC}") = "z5", "z5\z5.csproj", "{CFFE9841-C868-4A68-B9D6-7C1A31E667F9}"
EndProject
Project("{FAE04EC0-301F-11D3-BF4B-00C04F79EFBC}") = "z6", "z6\z6.csproj", "{A3F26849-D33E-45BC-B462-63B3D5D462DA}"
EndProject
Project("{FAE04EC0-301F-11D3-BF4B-00C04F79EFBC}") = "z7", "z7\z7.csproj", "{C09CAF85-63FD-47B3-8BDB-1BC7BB966B70}"
EndProject
Global
	GlobalSection(SolutionConfigurationPlatforms) = preSolution
		Debug|Any CPU = Debug|Any CPU
		Release|Any CPU = Release|Any CPU
	EndGlobalSection
	GlobalSection(ProjectConfigurationPlatforms) = postSolution
		{B7FB74A3-01AD-4745-B2CC-C546E9E458B5}.Debug|Any CPU.ActiveCfg = Debug|Any CPU
		{B7FB74A3-01AD-4745-B2CC-C546E9E458B5}.Debug|Any CPU.Build.0 = Debug|Any CPU
		{B7FB74A3-01AD-4745-B2CC-C546E9E458B5}.Release|Any CPU.ActiveCfg = Release|Any CPU
		{B7FB74A3-01AD-4745-B2CC-C546E9E458B5}.Release|Any CPU.Build.0 = Release|Any CPU
		{6C467D40-D209-4382-A320-2FF83DEC2A98}.Debug|Any CPU.ActiveCfg = Debug|Any CPU
		{6C467D40-D209-4382-A320-2FF83DEC2A98}.Debug|Any CPU.Build.0 = Debug|Any CPU
		{6C467D40-D209-4382-A320-2FF83DEC2A98}.Release|Any CPU.ActiveCfg = Release|Any CPU
		{6C467D40-D209-4382-A320-2FF83DEC2A98}.Release|Any CPU.Build.0 = Release|Any CPU
		{C17B89D6-3DCA-4FEF-8238-B97186861FEA}.Debug|Any CPU.ActiveCfg = Debug|Any CPU
		{C17B89D6-3DCA-4FEF-8238-B97186861FEA}.Debug|Any CPU.Build.0 = Debug|Any CPU
		{C17B89D6-3DCA-4FEF-8238-B97186861FEA}.Release|Any CPU.ActiveCfg = Release|Any CPU
		{C17B89D6-3DCA-4FEF-8238-B97186861FEA}.Release|Any CPU.Build.0 = Release|Any CPU
		{3A87BFFB-43EF-4D4E-BFB3-59D1DB5150FB}.Debug|Any CPU.ActiveCfg = Debug|Any CPU
		{3A87BFFB-43EF-4D4E-BFB3-59D1DB5150FB}.Debug|Any CPU.Build.0 = Debug|Any CPU
		{3A87BFFB-43EF-4D4E-BFB3-59D1DB5150FB}.Release|Any CPU.ActiveCfg = Release|Any CPU
		{3A87BFFB-43EF-4D4E-BFB3-59D1DB5150FB}.Release|Any CPU.Build.0 = Release|Any CPU
		{CFFE9841-C868-4A68-B9D6-7C1A31E667F9}.Debug|Any CPU.ActiveCfg = Debug|Any CPU
		{CFFE9841-C868-4A68-B9D6-7C1A31E667F9}.Debug|Any CPU.Build.0 = Debug|Any CPU
		{CFFE9841-C868-4A68-B9D6-7C1A31E667F9}.Release|Any CPU.ActiveCfg = Release|Any CPU
		{CFFE9841-C868-4A68-B9D6-7C1A31E667F9}.Release|Any CPU.Build.0 = Release|Any CPU
		{A3F26849-D33E-45BC-B462-63B3D5D462DA}.Debug|Any CPU.ActiveCfg = Debug|Any CPU
		{A3F26849-D33E-45BC-B462-63B3D5D462DA}.Debug|Any CPU.Build.0 = Debug|Any CPU
		{A3F26849-D33E-45BC-B462-63B3D5D462DA}.Release|Any CPU.ActiveCfg = Release|Any CPU
		{A3F26849-D33E-45BC-B462-63B3D5D462DA}.Release|Any CPU.Build.0 = Release|Any CPU
		{C09CAF85-63FD-47B3-8BDB-1BC7BB966B70}.Debug|Any CPU.ActiveCfg = Debug|Any CPU
		{C09CAF85-63FD-47B3-8BDB-1BC7BB966B70}.Debug|Any CPU.Build.0 = Debug|Any CPU
		{C09CAF85-63FD-47B3-8BDB-1BC7BB966B70}.Release|Any CPU.ActiveCfg = Release|Any CPU
		{C09CAF85-63FD-47B3-8BDB-1BC7BB966B70}.Release|Any CPU.Build.0 = Release|Any CPU
	EndGlobalSection
	GlobalSection(SolutionProperties) = preSolution
		HideSolutionNode = FALSE
	EndGlobalSection
	GlobalSection(ExtensibilityGlobals) = postSolution
		SolutionGuid = {3692B3D9-175A-43A1-8449-AAE2DCB0E42D}
	EndGlobalSection
EndGlobal
