
Microsoft Visual Studio Solution File, Format Version 12.00
# Visual Studio Version 17
VisualStudioVersion = 17.0.31912.275
MinimumVisualStudioVersion = 10.0.40219.1
Project("{FAE04EC0-301F-11D3-BF4B-00C04F79EFBC}") = "z1", "z1\z1.csproj", "{29FA202D-6D90-498D-9632-750C8CA86761}"
EndProject
Global
	GlobalSection(SolutionConfigurationPlatforms) = preSolution
		Debug|Any CPU = Debug|Any CPU
		Release|Any CPU = Release|Any CPU
	EndGlobalSection
	GlobalSection(ProjectConfigurationPlatforms) = postSolution
		{29FA202D-6D90-498D-9632-750C8CA86761}.Debug|Any CPU.ActiveCfg = Debug|Any CPU
		{29FA202D-6D90-498D-9632-750C8CA86761}.Debug|Any CPU.Build.0 = Debug|Any CPU
		{29FA202D-6D90-498D-9632-750C8CA86761}.Release|Any CPU.ActiveCfg = Release|Any CPU
		{29FA202D-6D90-498D-9632-750C8CA86761}.Release|Any CPU.Build.0 = Release|Any CPU
	EndGlobalSection
	GlobalSection(SolutionProperties) = preSolution
		HideSolutionNode = FALSE
	EndGlobalSection
	GlobalSection(ExtensibilityGlobals) = postSolution
		SolutionGuid = {3A335BA1-F22D-436D-A396-4CB9A55173F1}
	EndGlobalSection
EndGlobal
