
Microsoft Visual Studio Solution File, Format Version 12.00
# Visual Studio Version 17
VisualStudioVersion = 17.0.32112.339
MinimumVisualStudioVersion = 10.0.40219.1
Project("{FAE04EC0-301F-11D3-BF4B-00C04F79EFBC}") = "5-1", "5-1\5-1.csproj", "{855849D8-603D-4AC3-AE59-598F267F1762}"
EndProject
Project("{FAE04EC0-301F-11D3-BF4B-00C04F79EFBC}") = "5-2", "5-2\5-2.csproj", "{FD3FDE02-A498-4E0C-B3CA-7AA8A2C88196}"
EndProject
Project("{FAE04EC0-301F-11D3-BF4B-00C04F79EFBC}") = "5-3", "5-3\5-3.csproj", "{EC023D5F-FCC7-423F-BD5C-5ED911EFFA3F}"
EndProject
Global
	GlobalSection(SolutionConfigurationPlatforms) = preSolution
		Debug|Any CPU = Debug|Any CPU
		Release|Any CPU = Release|Any CPU
	EndGlobalSection
	GlobalSection(ProjectConfigurationPlatforms) = postSolution
		{855849D8-603D-4AC3-AE59-598F267F1762}.Debug|Any CPU.ActiveCfg = Debug|Any CPU
		{855849D8-603D-4AC3-AE59-598F267F1762}.Debug|Any CPU.Build.0 = Debug|Any CPU
		{855849D8-603D-4AC3-AE59-598F267F1762}.Release|Any CPU.ActiveCfg = Release|Any CPU
		{855849D8-603D-4AC3-AE59-598F267F1762}.Release|Any CPU.Build.0 = Release|Any CPU
		{FD3FDE02-A498-4E0C-B3CA-7AA8A2C88196}.Debug|Any CPU.ActiveCfg = Debug|Any CPU
		{FD3FDE02-A498-4E0C-B3CA-7AA8A2C88196}.Debug|Any CPU.Build.0 = Debug|Any CPU
		{FD3FDE02-A498-4E0C-B3CA-7AA8A2C88196}.Release|Any CPU.ActiveCfg = Release|Any CPU
		{FD3FDE02-A498-4E0C-B3CA-7AA8A2C88196}.Release|Any CPU.Build.0 = Release|Any CPU
		{EC023D5F-FCC7-423F-BD5C-5ED911EFFA3F}.Debug|Any CPU.ActiveCfg = Debug|Any CPU
		{EC023D5F-FCC7-423F-BD5C-5ED911EFFA3F}.Debug|Any CPU.Build.0 = Debug|Any CPU
		{EC023D5F-FCC7-423F-BD5C-5ED911EFFA3F}.Release|Any CPU.ActiveCfg = Release|Any CPU
		{EC023D5F-FCC7-423F-BD5C-5ED911EFFA3F}.Release|Any CPU.Build.0 = Release|Any CPU
	EndGlobalSection
	GlobalSection(SolutionProperties) = preSolution
		HideSolutionNode = FALSE
	EndGlobalSection
	GlobalSection(ExtensibilityGlobals) = postSolution
		SolutionGuid = {0A5CEC30-BC20-4603-8B97-CC30A8FC2E5D}
	EndGlobalSection
EndGlobal
