
Microsoft Visual Studio Solution File, Format Version 12.00
# Visual Studio Version 17
VisualStudioVersion = 17.2.32526.322
MinimumVisualStudioVersion = 10.0.40219.1
Project("{9A19103F-16F7-4668-BE54-9A1E7A4F7556}") = "z1", "z1\z1.csproj", "{D7C68783-C7B9-4A36-BCEE-A19233584B18}"
EndProject
Project("{FAE04EC0-301F-11D3-BF4B-00C04F79EFBC}") = "z2", "z2\z2.csproj", "{8F8C67AB-559F-463A-98C7-DE5E288B2DD4}"
EndProject
Project("{FAE04EC0-301F-11D3-BF4B-00C04F79EFBC}") = "z3", "z3\z3.csproj", "{6E70F413-B9BA-4144-9576-2347A5FD43C9}"
EndProject
Project("{FAE04EC0-301F-11D3-BF4B-00C04F79EFBC}") = "z4", "z4\z4.csproj", "{1318D360-ACB8-488E-BBF1-40F012119507}"
EndProject
Global
	GlobalSection(SolutionConfigurationPlatforms) = preSolution
		Debug|Any CPU = Debug|Any CPU
		Release|Any CPU = Release|Any CPU
	EndGlobalSection
	GlobalSection(ProjectConfigurationPlatforms) = postSolution
		{D7C68783-C7B9-4A36-BCEE-A19233584B18}.Debug|Any CPU.ActiveCfg = Debug|Any CPU
		{D7C68783-C7B9-4A36-BCEE-A19233584B18}.Debug|Any CPU.Build.0 = Debug|Any CPU
		{D7C68783-C7B9-4A36-BCEE-A19233584B18}.Release|Any CPU.ActiveCfg = Release|Any CPU
		{D7C68783-C7B9-4A36-BCEE-A19233584B18}.Release|Any CPU.Build.0 = Release|Any CPU
		{8F8C67AB-559F-463A-98C7-DE5E288B2DD4}.Debug|Any CPU.ActiveCfg = Debug|Any CPU
		{8F8C67AB-559F-463A-98C7-DE5E288B2DD4}.Debug|Any CPU.Build.0 = Debug|Any CPU
		{8F8C67AB-559F-463A-98C7-DE5E288B2DD4}.Release|Any CPU.ActiveCfg = Release|Any CPU
		{8F8C67AB-559F-463A-98C7-DE5E288B2DD4}.Release|Any CPU.Build.0 = Release|Any CPU
		{6E70F413-B9BA-4144-9576-2347A5FD43C9}.Debug|Any CPU.ActiveCfg = Debug|Any CPU
		{6E70F413-B9BA-4144-9576-2347A5FD43C9}.Debug|Any CPU.Build.0 = Debug|Any CPU
		{6E70F413-B9BA-4144-9576-2347A5FD43C9}.Release|Any CPU.ActiveCfg = Release|Any CPU
		{6E70F413-B9BA-4144-9576-2347A5FD43C9}.Release|Any CPU.Build.0 = Release|Any CPU
		{1318D360-ACB8-488E-BBF1-40F012119507}.Debug|Any CPU.ActiveCfg = Debug|Any CPU
		{1318D360-ACB8-488E-BBF1-40F012119507}.Debug|Any CPU.Build.0 = Debug|Any CPU
		{1318D360-ACB8-488E-BBF1-40F012119507}.Release|Any CPU.ActiveCfg = Release|Any CPU
		{1318D360-ACB8-488E-BBF1-40F012119507}.Release|Any CPU.Build.0 = Release|Any CPU
	EndGlobalSection
	GlobalSection(SolutionProperties) = preSolution
		HideSolutionNode = FALSE
	EndGlobalSection
	GlobalSection(ExtensibilityGlobals) = postSolution
		SolutionGuid = {FECA9947-5E1E-40D8-B6E2-8E692FE08A68}
	EndGlobalSection
EndGlobal
