
Microsoft Visual Studio Solution File, Format Version 12.00
# Visual Studio Version 17
VisualStudioVersion = 17.0.31912.275
MinimumVisualStudioVersion = 10.0.40219.1
Project("{FAE04EC0-301F-11D3-BF4B-00C04F79EFBC}") = "z1_And_z2", "z1\z1_And_z2.csproj", "{C508D603-1389-42C3-AFF7-6B7E5A978C03}"
EndProject
Project("{FAE04EC0-301F-11D3-BF4B-00C04F79EFBC}") = "z3", "z3\z3.csproj", "{36CD2D23-A5A8-4E5D-9A15-99D52B730E53}"
EndProject
Project("{FAE04EC0-301F-11D3-BF4B-00C04F79EFBC}") = "z4", "z4\z4.csproj", "{14AE63D4-A4D1-4907-AF3B-A0CD707F037A}"
EndProject
Global
	GlobalSection(SolutionConfigurationPlatforms) = preSolution
		Debug|Any CPU = Debug|Any CPU
		Release|Any CPU = Release|Any CPU
	EndGlobalSection
	GlobalSection(ProjectConfigurationPlatforms) = postSolution
		{C508D603-1389-42C3-AFF7-6B7E5A978C03}.Debug|Any CPU.ActiveCfg = Debug|Any CPU
		{C508D603-1389-42C3-AFF7-6B7E5A978C03}.Debug|Any CPU.Build.0 = Debug|Any CPU
		{C508D603-1389-42C3-AFF7-6B7E5A978C03}.Release|Any CPU.ActiveCfg = Release|Any CPU
		{C508D603-1389-42C3-AFF7-6B7E5A978C03}.Release|Any CPU.Build.0 = Release|Any CPU
		{36CD2D23-A5A8-4E5D-9A15-99D52B730E53}.Debug|Any CPU.ActiveCfg = Debug|Any CPU
		{36CD2D23-A5A8-4E5D-9A15-99D52B730E53}.Debug|Any CPU.Build.0 = Debug|Any CPU
		{36CD2D23-A5A8-4E5D-9A15-99D52B730E53}.Release|Any CPU.ActiveCfg = Release|Any CPU
		{36CD2D23-A5A8-4E5D-9A15-99D52B730E53}.Release|Any CPU.Build.0 = Release|Any CPU
		{14AE63D4-A4D1-4907-AF3B-A0CD707F037A}.Debug|Any CPU.ActiveCfg = Debug|Any CPU
		{14AE63D4-A4D1-4907-AF3B-A0CD707F037A}.Debug|Any CPU.Build.0 = Debug|Any CPU
		{14AE63D4-A4D1-4907-AF3B-A0CD707F037A}.Release|Any CPU.ActiveCfg = Release|Any CPU
		{14AE63D4-A4D1-4907-AF3B-A0CD707F037A}.Release|Any CPU.Build.0 = Release|Any CPU
	EndGlobalSection
	GlobalSection(SolutionProperties) = preSolution
		HideSolutionNode = FALSE
	EndGlobalSection
	GlobalSection(ExtensibilityGlobals) = postSolution
		SolutionGuid = {82FD3402-ABC2-4986-9B42-AA07E0CE5B65}
	EndGlobalSection
EndGlobal
