
Microsoft Visual Studio Solution File, Format Version 12.00
# Visual Studio Version 17
VisualStudioVersion = 17.2.32526.322
MinimumVisualStudioVersion = 10.0.40219.1
Project("{FAE04EC0-301F-11D3-BF4B-00C04F79EFBC}") = "z1", "z1\z1.csproj", "{7BAD1871-25AE-496C-B2C8-BC4F8D0049F2}"
EndProject
Project("{FAE04EC0-301F-11D3-BF4B-00C04F79EFBC}") = "z2", "z2\z2.csproj", "{2850F414-70BD-4B2E-A535-73E6B3E0E841}"
EndProject
Project("{FAE04EC0-301F-11D3-BF4B-00C04F79EFBC}") = "z3", "z3\z3.csproj", "{50324516-FF4E-441B-9A20-EE451FAD2498}"
EndProject
Project("{FAE04EC0-301F-11D3-BF4B-00C04F79EFBC}") = "z4", "z4\z4.csproj", "{097B104D-64D2-45C8-9446-17EADEB39018}"
EndProject
Global
	GlobalSection(SolutionConfigurationPlatforms) = preSolution
		Debug|Any CPU = Debug|Any CPU
		Release|Any CPU = Release|Any CPU
	EndGlobalSection
	GlobalSection(ProjectConfigurationPlatforms) = postSolution
		{7BAD1871-25AE-496C-B2C8-BC4F8D0049F2}.Debug|Any CPU.ActiveCfg = Debug|Any CPU
		{7BAD1871-25AE-496C-B2C8-BC4F8D0049F2}.Debug|Any CPU.Build.0 = Debug|Any CPU
		{7BAD1871-25AE-496C-B2C8-BC4F8D0049F2}.Release|Any CPU.ActiveCfg = Release|Any CPU
		{7BAD1871-25AE-496C-B2C8-BC4F8D0049F2}.Release|Any CPU.Build.0 = Release|Any CPU
		{2850F414-70BD-4B2E-A535-73E6B3E0E841}.Debug|Any CPU.ActiveCfg = Debug|Any CPU
		{2850F414-70BD-4B2E-A535-73E6B3E0E841}.Debug|Any CPU.Build.0 = Debug|Any CPU
		{2850F414-70BD-4B2E-A535-73E6B3E0E841}.Release|Any CPU.ActiveCfg = Release|Any CPU
		{2850F414-70BD-4B2E-A535-73E6B3E0E841}.Release|Any CPU.Build.0 = Release|Any CPU
		{50324516-FF4E-441B-9A20-EE451FAD2498}.Debug|Any CPU.ActiveCfg = Debug|Any CPU
		{50324516-FF4E-441B-9A20-EE451FAD2498}.Debug|Any CPU.Build.0 = Debug|Any CPU
		{50324516-FF4E-441B-9A20-EE451FAD2498}.Release|Any CPU.ActiveCfg = Release|Any CPU
		{50324516-FF4E-441B-9A20-EE451FAD2498}.Release|Any CPU.Build.0 = Release|Any CPU
		{097B104D-64D2-45C8-9446-17EADEB39018}.Debug|Any CPU.ActiveCfg = Debug|Any CPU
		{097B104D-64D2-45C8-9446-17EADEB39018}.Debug|Any CPU.Build.0 = Debug|Any CPU
		{097B104D-64D2-45C8-9446-17EADEB39018}.Release|Any CPU.ActiveCfg = Release|Any CPU
		{097B104D-64D2-45C8-9446-17EADEB39018}.Release|Any CPU.Build.0 = Release|Any CPU
	EndGlobalSection
	GlobalSection(SolutionProperties) = preSolution
		HideSolutionNode = FALSE
	EndGlobalSection
	GlobalSection(ExtensibilityGlobals) = postSolution
		SolutionGuid = {BA9216FA-40DB-4089-BBA2-F0A269DB21A4}
	EndGlobalSection
EndGlobal
