
Microsoft Visual Studio Solution File, Format Version 12.00
# Visual Studio Version 17
VisualStudioVersion = 17.2.32516.85
MinimumVisualStudioVersion = 10.0.40219.1
Project("{FAE04EC0-301F-11D3-BF4B-00C04F79EFBC}") = "State pattern", "State pattern\State pattern.csproj", "{7B9C0DCB-69DE-436C-B72C-3BD11C4D9560}"
EndProject
Global
	GlobalSection(SolutionConfigurationPlatforms) = preSolution
		Debug|Any CPU = Debug|Any CPU
		Release|Any CPU = Release|Any CPU
	EndGlobalSection
	GlobalSection(ProjectConfigurationPlatforms) = postSolution
		{7B9C0DCB-69DE-436C-B72C-3BD11C4D9560}.Debug|Any CPU.ActiveCfg = Debug|Any CPU
		{7B9C0DCB-69DE-436C-B72C-3BD11C4D9560}.Debug|Any CPU.Build.0 = Debug|Any CPU
		{7B9C0DCB-69DE-436C-B72C-3BD11C4D9560}.Release|Any CPU.ActiveCfg = Release|Any CPU
		{7B9C0DCB-69DE-436C-B72C-3BD11C4D9560}.Release|Any CPU.Build.0 = Release|Any CPU
	EndGlobalSection
	GlobalSection(SolutionProperties) = preSolution
		HideSolutionNode = FALSE
	EndGlobalSection
	GlobalSection(ExtensibilityGlobals) = postSolution
		SolutionGuid = {E678A419-DE09-4811-AC64-62528D43EAC5}
	EndGlobalSection
EndGlobal
