
Microsoft Visual Studio Solution File, Format Version 12.00
# Visual Studio Version 16
VisualStudioVersion = 16.0.31410.357
MinimumVisualStudioVersion = 10.0.40219.1
Project("{FAE04EC0-301F-11D3-BF4B-00C04F79EFBC}") = "z1", "z1\z1.csproj", "{4934A646-DC1C-49A0-96C4-B70AE0791315}"
EndProject
Project("{FAE04EC0-301F-11D3-BF4B-00C04F79EFBC}") = "z2", "z2\z2.csproj", "{2BB9DBC4-90EF-4AA4-8E6B-F6A15C7D8A2F}"
EndProject
Project("{FAE04EC0-301F-11D3-BF4B-00C04F79EFBC}") = "z3", "z3\z3.csproj", "{CA1D10B5-EDE9-4F2E-9C3D-63985E7C9572}"
EndProject
Project("{FAE04EC0-301F-11D3-BF4B-00C04F79EFBC}") = "z4", "z4\z4.csproj", "{6C89B138-D6CF-481F-94B2-68D175EF1B23}"
EndProject
Global
	GlobalSection(SolutionConfigurationPlatforms) = preSolution
		Debug|Any CPU = Debug|Any CPU
		Release|Any CPU = Release|Any CPU
	EndGlobalSection
	GlobalSection(ProjectConfigurationPlatforms) = postSolution
		{4934A646-DC1C-49A0-96C4-B70AE0791315}.Debug|Any CPU.ActiveCfg = Debug|Any CPU
		{4934A646-DC1C-49A0-96C4-B70AE0791315}.Debug|Any CPU.Build.0 = Debug|Any CPU
		{4934A646-DC1C-49A0-96C4-B70AE0791315}.Release|Any CPU.ActiveCfg = Release|Any CPU
		{4934A646-DC1C-49A0-96C4-B70AE0791315}.Release|Any CPU.Build.0 = Release|Any CPU
		{2BB9DBC4-90EF-4AA4-8E6B-F6A15C7D8A2F}.Debug|Any CPU.ActiveCfg = Debug|Any CPU
		{2BB9DBC4-90EF-4AA4-8E6B-F6A15C7D8A2F}.Debug|Any CPU.Build.0 = Debug|Any CPU
		{2BB9DBC4-90EF-4AA4-8E6B-F6A15C7D8A2F}.Release|Any CPU.ActiveCfg = Release|Any CPU
		{2BB9DBC4-90EF-4AA4-8E6B-F6A15C7D8A2F}.Release|Any CPU.Build.0 = Release|Any CPU
		{CA1D10B5-EDE9-4F2E-9C3D-63985E7C9572}.Debug|Any CPU.ActiveCfg = Debug|Any CPU
		{CA1D10B5-EDE9-4F2E-9C3D-63985E7C9572}.Debug|Any CPU.Build.0 = Debug|Any CPU
		{CA1D10B5-EDE9-4F2E-9C3D-63985E7C9572}.Release|Any CPU.ActiveCfg = Release|Any CPU
		{CA1D10B5-EDE9-4F2E-9C3D-63985E7C9572}.Release|Any CPU.Build.0 = Release|Any CPU
		{6C89B138-D6CF-481F-94B2-68D175EF1B23}.Debug|Any CPU.ActiveCfg = Debug|Any CPU
		{6C89B138-D6CF-481F-94B2-68D175EF1B23}.Debug|Any CPU.Build.0 = Debug|Any CPU
		{6C89B138-D6CF-481F-94B2-68D175EF1B23}.Release|Any CPU.ActiveCfg = Release|Any CPU
		{6C89B138-D6CF-481F-94B2-68D175EF1B23}.Release|Any CPU.Build.0 = Release|Any CPU
	EndGlobalSection
	GlobalSection(SolutionProperties) = preSolution
		HideSolutionNode = FALSE
	EndGlobalSection
	GlobalSection(ExtensibilityGlobals) = postSolution
		SolutionGuid = {91978AC2-B7EE-4778-B615-053B8CB3046C}
	EndGlobalSection
EndGlobal
