
Microsoft Visual Studio Solution File, Format Version 12.00
# Visual Studio Version 17
VisualStudioVersion = 17.0.31912.275
MinimumVisualStudioVersion = 10.0.40219.1
Project("{FAE04EC0-301F-11D3-BF4B-00C04F79EFBC}") = "z3", "z3\z3.csproj", "{F9218214-1B4A-4637-86EE-99716E1B07C9}"
EndProject
Global
	GlobalSection(SolutionConfigurationPlatforms) = preSolution
		Debug|Any CPU = Debug|Any CPU
		Release|Any CPU = Release|Any CPU
	EndGlobalSection
	GlobalSection(ProjectConfigurationPlatforms) = postSolution
		{F9218214-1B4A-4637-86EE-99716E1B07C9}.Debug|Any CPU.ActiveCfg = Debug|Any CPU
		{F9218214-1B4A-4637-86EE-99716E1B07C9}.Debug|Any CPU.Build.0 = Debug|Any CPU
		{F9218214-1B4A-4637-86EE-99716E1B07C9}.Release|Any CPU.ActiveCfg = Release|Any CPU
		{F9218214-1B4A-4637-86EE-99716E1B07C9}.Release|Any CPU.Build.0 = Release|Any CPU
	EndGlobalSection
	GlobalSection(SolutionProperties) = preSolution
		HideSolutionNode = FALSE
	EndGlobalSection
	GlobalSection(ExtensibilityGlobals) = postSolution
		SolutionGuid = {2124343A-48AC-49B3-B755-87EC254A1DC4}
	EndGlobalSection
EndGlobal
