
Microsoft Visual Studio Solution File, Format Version 12.00
# Visual Studio Version 17
VisualStudioVersion = 17.0.31912.275
MinimumVisualStudioVersion = 10.0.40219.1
Project("{FAE04EC0-301F-11D3-BF4B-00C04F79EFBC}") = "z1", "z1\z1.csproj", "{74656012-1D15-4F97-B83D-14F162DD9490}"
EndProject
Project("{FAE04EC0-301F-11D3-BF4B-00C04F79EFBC}") = "z2", "z2\z2.csproj", "{6B8DC2DE-C102-40EC-A823-876867B54959}"
EndProject
Global
	GlobalSection(SolutionConfigurationPlatforms) = preSolution
		Debug|Any CPU = Debug|Any CPU
		Release|Any CPU = Release|Any CPU
	EndGlobalSection
	GlobalSection(ProjectConfigurationPlatforms) = postSolution
		{74656012-1D15-4F97-B83D-14F162DD9490}.Debug|Any CPU.ActiveCfg = Debug|Any CPU
		{74656012-1D15-4F97-B83D-14F162DD9490}.Debug|Any CPU.Build.0 = Debug|Any CPU
		{74656012-1D15-4F97-B83D-14F162DD9490}.Release|Any CPU.ActiveCfg = Release|Any CPU
		{74656012-1D15-4F97-B83D-14F162DD9490}.Release|Any CPU.Build.0 = Release|Any CPU
		{6B8DC2DE-C102-40EC-A823-876867B54959}.Debug|Any CPU.ActiveCfg = Debug|Any CPU
		{6B8DC2DE-C102-40EC-A823-876867B54959}.Debug|Any CPU.Build.0 = Debug|Any CPU
		{6B8DC2DE-C102-40EC-A823-876867B54959}.Release|Any CPU.ActiveCfg = Release|Any CPU
		{6B8DC2DE-C102-40EC-A823-876867B54959}.Release|Any CPU.Build.0 = Release|Any CPU
	EndGlobalSection
	GlobalSection(SolutionProperties) = preSolution
		HideSolutionNode = FALSE
	EndGlobalSection
	GlobalSection(ExtensibilityGlobals) = postSolution
		SolutionGuid = {558DBACB-9D1C-4085-B376-2B1FECE8850E}
	EndGlobalSection
EndGlobal
