
Microsoft Visual Studio Solution File, Format Version 12.00
# Visual Studio Version 16
VisualStudioVersion = 16.0.31410.357
MinimumVisualStudioVersion = 10.0.40219.1
Project("{FAE04EC0-301F-11D3-BF4B-00C04F79EFBC}") = "z1", "z1\z1.csproj", "{1A9914D3-5035-4859-984A-24A0D2B0E77C}"
EndProject
Project("{FAE04EC0-301F-11D3-BF4B-00C04F79EFBC}") = "z2", "z2\z2.csproj", "{BB904274-09E6-44DE-B297-BB7B3932BE80}"
EndProject
Global
	GlobalSection(SolutionConfigurationPlatforms) = preSolution
		Debug|Any CPU = Debug|Any CPU
		Release|Any CPU = Release|Any CPU
	EndGlobalSection
	GlobalSection(ProjectConfigurationPlatforms) = postSolution
		{1A9914D3-5035-4859-984A-24A0D2B0E77C}.Debug|Any CPU.ActiveCfg = Debug|Any CPU
		{1A9914D3-5035-4859-984A-24A0D2B0E77C}.Debug|Any CPU.Build.0 = Debug|Any CPU
		{1A9914D3-5035-4859-984A-24A0D2B0E77C}.Release|Any CPU.ActiveCfg = Release|Any CPU
		{1A9914D3-5035-4859-984A-24A0D2B0E77C}.Release|Any CPU.Build.0 = Release|Any CPU
		{BB904274-09E6-44DE-B297-BB7B3932BE80}.Debug|Any CPU.ActiveCfg = Debug|Any CPU
		{BB904274-09E6-44DE-B297-BB7B3932BE80}.Debug|Any CPU.Build.0 = Debug|Any CPU
		{BB904274-09E6-44DE-B297-BB7B3932BE80}.Release|Any CPU.ActiveCfg = Release|Any CPU
		{BB904274-09E6-44DE-B297-BB7B3932BE80}.Release|Any CPU.Build.0 = Release|Any CPU
	EndGlobalSection
	GlobalSection(SolutionProperties) = preSolution
		HideSolutionNode = FALSE
	EndGlobalSection
	GlobalSection(ExtensibilityGlobals) = postSolution
		SolutionGuid = {7CBE4D47-9A71-4713-B385-2F9C4ACED682}
	EndGlobalSection
EndGlobal
